// !$*UTF8*$!
{
	archiveVersion = 1;
	classes = {
	};
	objectVersion = 46;
	objects = {

/* Begin PBXBuildFile section */
		E402A2C11B607E59009D1ECC /* tile.cpp in Sources */ = {isa = PBXBuildFile; fileRef = E402A2C01B607E59009D1ECC /* tile.cpp */; };
		E402A2C41B6087C7009D1ECC /* map.cpp in Sources */ = {isa = PBXBuildFile; fileRef = E402A2C31B6087C7009D1ECC /* map.cpp */; };
		E4ACA2981B5C8CE3002E8735 /* ResourcePath.mm in Sources */ = {isa = PBXBuildFile; fileRef = E4ACA2971B5C8CE3002E8735 /* ResourcePath.mm */; };
		E4ACA29B1B5C8CE3002E8735 /* main.cpp in Sources */ = {isa = PBXBuildFile; fileRef = E4ACA29A1B5C8CE3002E8735 /* main.cpp */; };
		E4ACA29E1B5C8CE3002E8735 /* cute_image.jpg in Resources */ = {isa = PBXBuildFile; fileRef = E4ACA29D1B5C8CE3002E8735 /* cute_image.jpg */; };
		E4ACA2A01B5C8CE4002E8735 /* nice_music.ogg in Resources */ = {isa = PBXBuildFile; fileRef = E4ACA29F1B5C8CE4002E8735 /* nice_music.ogg */; };
		E4ACA2A21B5C8CE4002E8735 /* sansation.ttf in Resources */ = {isa = PBXBuildFile; fileRef = E4ACA2A11B5C8CE4002E8735 /* sansation.ttf */; };
		E4ACA2A41B5C8CE4002E8735 /* icon.png in Resources */ = {isa = PBXBuildFile; fileRef = E4ACA2A31B5C8CE4002E8735 /* icon.png */; };
		E4ACA2AC1B5C946D002E8735 /* button.cpp in Sources */ = {isa = PBXBuildFile; fileRef = E4ACA2AB1B5C946D002E8735 /* button.cpp */; };
/* End PBXBuildFile section */

/* Begin PBXFileReference section */
		E402A2BF1B607AD2009D1ECC /* tile.hpp */ = {isa = PBXFileReference; fileEncoding = 4; lastKnownFileType = sourcecode.cpp.h; path = tile.hpp; sourceTree = "<group>"; };
		E402A2C01B607E59009D1ECC /* tile.cpp */ = {isa = PBXFileReference; fileEncoding = 4; lastKnownFileType = sourcecode.cpp.cpp; path = tile.cpp; sourceTree = "<group>"; };
		E402A2C21B608003009D1ECC /* map.hpp */ = {isa = PBXFileReference; fileEncoding = 4; lastKnownFileType = sourcecode.cpp.h; path = map.hpp; sourceTree = "<group>"; };
		E402A2C31B6087C7009D1ECC /* map.cpp */ = {isa = PBXFileReference; fileEncoding = 4; lastKnownFileType = sourcecode.cpp.cpp; path = map.cpp; sourceTree = "<group>"; };
		E4ACA2921B5C8CE3002E8735 /* pacman.app */ = {isa = PBXFileReference; explicitFileType = wrapper.application; includeInIndex = 0; path = pacman.app; sourceTree = BUILT_PRODUCTS_DIR; };
		E4ACA2961B5C8CE3002E8735 /* pacman-Info.plist */ = {isa = PBXFileReference; lastKnownFileType = text.plist.xml; path = "pacman-Info.plist"; sourceTree = "<group>"; };
		E4ACA2971B5C8CE3002E8735 /* ResourcePath.mm */ = {isa = PBXFileReference; lastKnownFileType = sourcecode.cpp.objcpp; path = ResourcePath.mm; sourceTree = "<group>"; };
		E4ACA2991B5C8CE3002E8735 /* ResourcePath.hpp */ = {isa = PBXFileReference; lastKnownFileType = sourcecode.cpp.h; path = ResourcePath.hpp; sourceTree = "<group>"; };
		E4ACA29A1B5C8CE3002E8735 /* main.cpp */ = {isa = PBXFileReference; lastKnownFileType = sourcecode.cpp.cpp; path = main.cpp; sourceTree = "<group>"; };
		E4ACA29D1B5C8CE3002E8735 /* cute_image.jpg */ = {isa = PBXFileReference; lastKnownFileType = image.jpeg; path = cute_image.jpg; sourceTree = "<group>"; };
		E4ACA29F1B5C8CE4002E8735 /* nice_music.ogg */ = {isa = PBXFileReference; lastKnownFileType = file; path = nice_music.ogg; sourceTree = "<group>"; };
		E4ACA2A11B5C8CE4002E8735 /* sansation.ttf */ = {isa = PBXFileReference; lastKnownFileType = file; path = sansation.ttf; sourceTree = "<group>"; };
		E4ACA2A31B5C8CE4002E8735 /* icon.png */ = {isa = PBXFileReference; lastKnownFileType = image.png; path = icon.png; sourceTree = "<group>"; };
		E4ACA2AA1B5C907E002E8735 /* button.hpp */ = {isa = PBXFileReference; fileEncoding = 4; lastKnownFileType = sourcecode.cpp.h; path = button.hpp; sourceTree = "<group>"; };
		E4ACA2AB1B5C946D002E8735 /* button.cpp */ = {isa = PBXFileReference; fileEncoding = 4; lastKnownFileType = sourcecode.cpp.cpp; path = button.cpp; sourceTree = "<group>"; };
/* End PBXFileReference section */

/* Begin PBXFrameworksBuildPhase section */
		E4ACA28E1B5C8CE2002E8735 /* Frameworks */ = {
			isa = PBXFrameworksBuildPhase;
			buildActionMask = 2147483647;
			files = (
			);
			runOnlyForDeploymentPostprocessing = 0;
		};
/* End PBXFrameworksBuildPhase section */

/* Begin PBXGroup section */
		E4ACA2881B5C8CE2002E8735 = {
			isa = PBXGroup;
			children = (
				E4ACA2941B5C8CE3002E8735 /* pacman */,
				E4ACA2931B5C8CE3002E8735 /* Products */,
			);
			sourceTree = "<group>";
		};
		E4ACA2931B5C8CE3002E8735 /* Products */ = {
			isa = PBXGroup;
			children = (
				E4ACA2921B5C8CE3002E8735 /* pacman.app */,
			);
			name = Products;
			sourceTree = "<group>";
		};
		E4ACA2941B5C8CE3002E8735 /* pacman */ = {
			isa = PBXGroup;
			children = (
				E4ACA2971B5C8CE3002E8735 /* ResourcePath.mm */,
				E4ACA2991B5C8CE3002E8735 /* ResourcePath.hpp */,
				E4ACA29A1B5C8CE3002E8735 /* main.cpp */,
				E4ACA2AA1B5C907E002E8735 /* button.hpp */,
				E4ACA2AB1B5C946D002E8735 /* button.cpp */,
				E402A2BF1B607AD2009D1ECC /* tile.hpp */,
				E402A2C01B607E59009D1ECC /* tile.cpp */,
				E402A2C21B608003009D1ECC /* map.hpp */,
				E402A2C31B6087C7009D1ECC /* map.cpp */,
				E4ACA29C1B5C8CE3002E8735 /* Resources */,
				E4ACA2951B5C8CE3002E8735 /* Supporting Files */,
			);
			path = pacman;
			sourceTree = "<group>";
		};
		E4ACA2951B5C8CE3002E8735 /* Supporting Files */ = {
			isa = PBXGroup;
			children = (
				E4ACA2961B5C8CE3002E8735 /* pacman-Info.plist */,
			);
			name = "Supporting Files";
			sourceTree = "<group>";
		};
		E4ACA29C1B5C8CE3002E8735 /* Resources */ = {
			isa = PBXGroup;
			children = (
				E4ACA29D1B5C8CE3002E8735 /* cute_image.jpg */,
				E4ACA29F1B5C8CE4002E8735 /* nice_music.ogg */,
				E4ACA2A11B5C8CE4002E8735 /* sansation.ttf */,
				E4ACA2A31B5C8CE4002E8735 /* icon.png */,
			);
			name = Resources;
			sourceTree = "<group>";
		};
/* End PBXGroup section */

/* Begin PBXNativeTarget section */
		E4ACA2911B5C8CE2002E8735 /* pacman */ = {
			isa = PBXNativeTarget;
			buildConfigurationList = E4ACA2A71B5C8CE4002E8735 /* Build configuration list for PBXNativeTarget "pacman" */;
			buildPhases = (
				E4ACA28D1B5C8CE2002E8735 /* Sources */,
				E4ACA28E1B5C8CE2002E8735 /* Frameworks */,
				E4ACA28F1B5C8CE2002E8735 /* Resources */,
				E4ACA2901B5C8CE2002E8735 /* ShellScript */,
			);
			buildRules = (
			);
			dependencies = (
			);
			name = pacman;
			productName = pacman;
			productReference = E4ACA2921B5C8CE3002E8735 /* pacman.app */;
			productType = "com.apple.product-type.application";
		};
/* End PBXNativeTarget section */

/* Begin PBXProject section */
		E4ACA2891B5C8CE2002E8735 /* Project object */ = {
			isa = PBXProject;
			attributes = {
				LastUpgradeCheck = 0640;
				ORGANIZATIONNAME = "Sam Reha";
				TargetAttributes = {
					E4ACA2911B5C8CE2002E8735 = {
						CreatedOnToolsVersion = 6.4;
					};
				};
			};
			buildConfigurationList = E4ACA28C1B5C8CE2002E8735 /* Build configuration list for PBXProject "pacman" */;
			compatibilityVersion = "Xcode 3.2";
			developmentRegion = English;
			hasScannedForEncodings = 0;
			knownRegions = (
				en,
			);
			mainGroup = E4ACA2881B5C8CE2002E8735;
			productRefGroup = E4ACA2931B5C8CE3002E8735 /* Products */;
			projectDirPath = "";
			projectRoot = "";
			targets = (
				E4ACA2911B5C8CE2002E8735 /* pacman */,
			);
		};
/* End PBXProject section */

/* Begin PBXResourcesBuildPhase section */
		E4ACA28F1B5C8CE2002E8735 /* Resources */ = {
			isa = PBXResourcesBuildPhase;
			buildActionMask = 2147483647;
			files = (
				E4ACA2A41B5C8CE4002E8735 /* icon.png in Resources */,
				E4ACA2A21B5C8CE4002E8735 /* sansation.ttf in Resources */,
				E4ACA2A01B5C8CE4002E8735 /* nice_music.ogg in Resources */,
				E4ACA29E1B5C8CE3002E8735 /* cute_image.jpg in Resources */,
			);
			runOnlyForDeploymentPostprocessing = 0;
		};
/* End PBXResourcesBuildPhase section */

/* Begin PBXShellScriptBuildPhase section */
		E4ACA2901B5C8CE2002E8735 /* ShellScript */ = {
			isa = PBXShellScriptBuildPhase;
			buildActionMask = 2147483647;
			files = (
			);
			inputPaths = (
			);
			outputPaths = (
			);
			runOnlyForDeploymentPostprocessing = 0;
			shellPath = /bin/sh;
			shellScript = "# This shell script simply copies required SFML dylibs/frameworks into the application bundle frameworks folder.\n# If you're using static libraries (which is not recommended) you should remove this script from your project.\n\n# SETTINGS\nCMAKE_INSTALL_FRAMEWORK_PREFIX=\"/Library/Frameworks\"\nCMAKE_INSTALL_LIB_PREFIX=\"/usr/local/lib\"\nFRAMEWORKS_FULL_PATH=\"$BUILT_PRODUCTS_DIR/$FRAMEWORKS_FOLDER_PATH/\"\n\n# Are we building a project that uses frameworks or dylibs?\ncase \"$SFML_BINARY_TYPE\" in\n    DYLIBS)\n        frameworks=\"false\"\n        ;;\n    *)\n        frameworks=\"true\"\n        ;;\nesac\n\n# Echoes to stderr\nerror () # $* message to display\n{\n    echo $* 1>&2\n    exit 2\n}\n\nassert () # $1 is a boolean, $2...N is an error message\n{\n    if [ $# -lt 2 ]\n    then\n        error \"Internal error in assert: not enough args\"\n    fi\n\n    if [ $1 -ne 0 ]\n    then\n        shift\n        error \"$*\"\n    fi\n}\n\nforce_remove () # $@ is some paths\n{\n    test $# -ge 1\n    assert $? \"force_remove() requires at least one parameter\"\n    rm -fr $@\n    assert $? \"couldn't remove $@\"\n}\n\ncopy () # $1 is a source, $2 is a destination\n{\n    test $# -eq 2\n    assert $? \"copy() requires two parameters\"\n    ditto \"$1\" \"$2\"\n    assert $? \"couldn't copy $1 to $2\"\n}\n\nrequire () # $1 is a SFML module like 'system' or 'audio'\n{\n    dest=\"$BUILT_PRODUCTS_DIR/$FRAMEWORKS_FOLDER_PATH/\"\n\n    if [ -z \"$1\" ]\n    then\n        error \"require() requires one parameter!\"\n    else\n        # clean potentially old stuff\n        force_remove \"$dest/libsfml-$1\"*\n        force_remove \"$dest/sfml-$1.framework\"\n\n        # copy SFML libraries\n        if [ \"$frameworks\" = \"true\" ]\n        then\n            source=\"$CMAKE_INSTALL_FRAMEWORK_PREFIX/sfml-$1.framework\"\n            target=\"sfml-$1.framework\"\n        elif [ \"$SFML_LINK_DYLIBS_SUFFIX\" = \"-d\" ]\n        then\n            source=\"$CMAKE_INSTALL_LIB_PREFIX/libsfml-$1-d.dylib\"\n            target=\"`readlink $source`\"\n        else\n            source=\"$CMAKE_INSTALL_LIB_PREFIX/libsfml-$1.dylib\"\n            target=\"`readlink $source`\"\n        fi\n\n        copy \"$source\" \"$dest/$target\"\n\n        # copy extra dependencies\n        if [ \"$1\" = \"audio\" ]\n        then\n            # copy \"FLAC\" \"ogg\" \"vorbis\" \"vorbisenc\" \"vorbisfile\" \"OpenAL\" frameworks too\n            for f in \"FLAC\" \"ogg\" \"vorbis\" \"vorbisenc\" \"vorbisfile\" \"OpenAL\"\n            do\n                copy \"$CMAKE_INSTALL_FRAMEWORK_PREFIX/$f.framework\" \"$dest/$f.framework\"\n            done\n        elif [ \"$1\" = \"graphics\" ]\n        then\n            copy \"$CMAKE_INSTALL_FRAMEWORK_PREFIX/freetype.framework\" \"$dest/freetype.framework\"\n        fi\n    fi\n}\n\nif [ -n \"$SFML_SYSTEM\" ]\nthen\n    require \"system\"\nfi\n\nif [ -n \"$SFML_AUDIO\" ]\nthen\n    require \"audio\"\nfi\n\nif [ -n \"$SFML_NETWORK\" ]\nthen\n    require \"network\"\nfi\n\nif [ -n \"$SFML_WINDOW\" ]\nthen\n    require \"window\"\nfi\n\nif [ -n \"$SFML_GRAPHICS\" ]\nthen\n    require \"graphics\"\nfi\n\n                ";
		};
/* End PBXShellScriptBuildPhase section */

/* Begin PBXSourcesBuildPhase section */
		E4ACA28D1B5C8CE2002E8735 /* Sources */ = {
			isa = PBXSourcesBuildPhase;
			buildActionMask = 2147483647;
			files = (
				E4ACA29B1B5C8CE3002E8735 /* main.cpp in Sources */,
				E4ACA2AC1B5C946D002E8735 /* button.cpp in Sources */,
				E4ACA2981B5C8CE3002E8735 /* ResourcePath.mm in Sources */,
				E402A2C41B6087C7009D1ECC /* map.cpp in Sources */,
				E402A2C11B607E59009D1ECC /* tile.cpp in Sources */,
			);
			runOnlyForDeploymentPostprocessing = 0;
		};
/* End PBXSourcesBuildPhase section */

/* Begin XCBuildConfiguration section */
		E4ACA2A51B5C8CE4002E8735 /* Debug */ = {
			isa = XCBuildConfiguration;
			buildSettings = {
				ARCHS = (
					i386,
					x86_64,
				);
				CLANG_CXX_LANGUAGE_STANDARD = "c++0x";
				CLANG_CXX_LIBRARY = "libc++";
				FRAMEWORK_SEARCH_PATHS = (
					/Library/Frameworks/,
					"$(inherited)",
				);
				GCC_VERSION = com.apple.compilers.llvm.clang.1_0;
				HEADER_SEARCH_PATHS = (
					/usr/local/include/,
					"$(inherited)",
				);
				LIBRARY_SEARCH_PATHS = (
					/usr/local/lib/,
					"$(inherited)",
				);
				MACOSX_DEPLOYMENT_TARGET = 10.7;
				OTHER_LDFLAGS = (
					"$(inherited)",
					"$(SFML_SYSTEM)",
					"$(SFML_WINDOW)",
					"$(SFML_GRAPHICS)",
					"$(SFML_AUDIO)",
					"$(SFML_NETWORK)",
				);
				SFML_AUDIO = "$(SFML_LINK_PREFIX) sfml-audio$(SFML_LINK_SUFFIX)";
				SFML_BINARY_TYPE = DYLIBS;
				SFML_GRAPHICS = "$(SFML_LINK_PREFIX) sfml-graphics$(SFML_LINK_SUFFIX)";
				SFML_LINK_DYLIBS_PREFIX = "-l";
				SFML_LINK_DYLIBS_SUFFIX = "";
				SFML_LINK_FRAMEWORKS_PREFIX = "-framework";
				SFML_LINK_FRAMEWORKS_SUFFIX = "";
				SFML_LINK_PREFIX = "$(SFML_LINK_$(SFML_BINARY_TYPE)_PREFIX)";
				SFML_LINK_SUFFIX = "$(SFML_LINK_$(SFML_BINARY_TYPE)_SUFFIX)";
				SFML_NETWORK = "";
				SFML_SYSTEM = "$(SFML_LINK_PREFIX) sfml-system$(SFML_LINK_SUFFIX)";
				SFML_WINDOW = "$(SFML_LINK_PREFIX) sfml-window$(SFML_LINK_SUFFIX)";
				SUPPORTED_PLATFORMS = macosx;
			};
			name = Debug;
		};
		E4ACA2A61B5C8CE4002E8735 /* Release */ = {
			isa = XCBuildConfiguration;
			buildSettings = {
				ARCHS = (
					i386,
					x86_64,
				);
				CLANG_CXX_LANGUAGE_STANDARD = "c++0x";
				CLANG_CXX_LIBRARY = "libc++";
				FRAMEWORK_SEARCH_PATHS = (
					/Library/Frameworks/,
					"$(inherited)",
				);
				GCC_VERSION = com.apple.compilers.llvm.clang.1_0;
				HEADER_SEARCH_PATHS = (
					/usr/local/include/,
					"$(inherited)",
				);
				LIBRARY_SEARCH_PATHS = (
					/usr/local/lib/,
					"$(inherited)",
				);
				MACOSX_DEPLOYMENT_TARGET = 10.7;
				OTHER_LDFLAGS = (
					"$(inherited)",
					"$(SFML_SYSTEM)",
					"$(SFML_WINDOW)",
					"$(SFML_GRAPHICS)",
					"$(SFML_AUDIO)",
					"$(SFML_NETWORK)",
				);
				SFML_AUDIO = "$(SFML_LINK_PREFIX) sfml-audio$(SFML_LINK_SUFFIX)";
				SFML_BINARY_TYPE = DYLIBS;
				SFML_GRAPHICS = "$(SFML_LINK_PREFIX) sfml-graphics$(SFML_LINK_SUFFIX)";
				SFML_LINK_DYLIBS_PREFIX = "-l";
				SFML_LINK_DYLIBS_SUFFIX = "";
				SFML_LINK_FRAMEWORKS_PREFIX = "-framework";
				SFML_LINK_FRAMEWORKS_SUFFIX = "";
				SFML_LINK_PREFIX = "$(SFML_LINK_$(SFML_BINARY_TYPE)_PREFIX)";
				SFML_LINK_SUFFIX = "$(SFML_LINK_$(SFML_BINARY_TYPE)_SUFFIX)";
				SFML_NETWORK = "";
				SFML_SYSTEM = "$(SFML_LINK_PREFIX) sfml-system$(SFML_LINK_SUFFIX)";
				SFML_WINDOW = "$(SFML_LINK_PREFIX) sfml-window$(SFML_LINK_SUFFIX)";
				SUPPORTED_PLATFORMS = macosx;
			};
			name = Release;
		};
		E4ACA2A81B5C8CE4002E8735 /* Debug */ = {
			isa = XCBuildConfiguration;
			buildSettings = {
				INFOPLIST_FILE = "pacman/pacman-Info.plist";
				LD_RUNPATH_SEARCH_PATHS = "@loader_path/../Frameworks";
				PRODUCT_NAME = "$(TARGET_NAME)";
			};
			name = Debug;
		};
		E4ACA2A91B5C8CE4002E8735 /* Release */ = {
			isa = XCBuildConfiguration;
			buildSettings = {
				INFOPLIST_FILE = "pacman/pacman-Info.plist";
				LD_RUNPATH_SEARCH_PATHS = "@loader_path/../Frameworks";
				PRODUCT_NAME = "$(TARGET_NAME)";
			};
			name = Release;
		};
/* End XCBuildConfiguration section */

/* Begin XCConfigurationList section */
		E4ACA28C1B5C8CE2002E8735 /* Build configuration list for PBXProject "pacman" */ = {
			isa = XCConfigurationList;
			buildConfigurations = (
				E4ACA2A51B5C8CE4002E8735 /* Debug */,
				E4ACA2A61B5C8CE4002E8735 /* Release */,
			);
			defaultConfigurationIsVisible = 0;
			defaultConfigurationName = Release;
		};
		E4ACA2A71B5C8CE4002E8735 /* Build configuration list for PBXNativeTarget "pacman" */ = {
			isa = XCConfigurationList;
			buildConfigurations = (
				E4ACA2A81B5C8CE4002E8735 /* Debug */,
				E4ACA2A91B5C8CE4002E8735 /* Release */,
			);
			defaultConfigurationIsVisible = 0;
			defaultConfigurationName = Release;
		};
/* End XCConfigurationList section */
	};
	rootObject = E4ACA2891B5C8CE2002E8735 /* Project object */;
}
